
Microsoft Visual Studio Solution File, Format Version 12.00
# Visual Studio Version 16
VisualStudioVersion = 16.0.29409.12
MinimumVisualStudioVersion = 10.0.40219.1
Project("{FAE04EC0-301F-11D3-BF4B-00C04F79EFBC}") = "eShopSolution.WebApp", "eShopSolution.WebApp\eShopSolution.WebApp.csproj", "{540FD659-B295-4F3E-9B43-02D40F5A6D12}"
EndProject
Global
	GlobalSection(SolutionConfigurationPlatforms) = preSolution
		Debug|Any CPU = Debug|Any CPU
		Release|Any CPU = Release|Any CPU
	EndGlobalSection
	GlobalSection(ProjectConfigurationPlatforms) = postSolution
		{540FD659-B295-4F3E-9B43-02D40F5A6D12}.Debug|Any CPU.ActiveCfg = Debug|Any CPU
		{540FD659-B295-4F3E-9B43-02D40F5A6D12}.Debug|Any CPU.Build.0 = Debug|Any CPU
		{540FD659-B295-4F3E-9B43-02D40F5A6D12}.Release|Any CPU.ActiveCfg = Release|Any CPU
		{540FD659-B295-4F3E-9B43-02D40F5A6D12}.Release|Any CPU.Build.0 = Release|Any CPU
	EndGlobalSection
	GlobalSection(SolutionProperties) = preSolution
		HideSolutionNode = FALSE
	EndGlobalSection
	GlobalSection(ExtensibilityGlobals) = postSolution
		SolutionGuid = {CF2FAC9C-5CF6-4156-B42E-5FD820F26CBC}
	EndGlobalSection
EndGlobal
