
Microsoft Visual Studio Solution File, Format Version 12.00
# Visual Studio Version 16
VisualStudioVersion = 16.0.29409.12
MinimumVisualStudioVersion = 10.0.40219.1
Project("{9A19103F-16F7-4668-BE54-9A1E7A4F7556}") = "eShopSolution.WebApp", "eShopSolution.WebApp\eShopSolution.WebApp.csproj", "{540FD659-B295-4F3E-9B43-02D40F5A6D12}"
EndProject
Project("{2150E333-8FDC-42A3-9474-1A3956D46DE8}") = "Solution Items", "Solution Items", "{E1379163-7A6C-406D-B18B-7979901E6EEF}"
	ProjectSection(SolutionItems) = preProject
		README.md = README.md
	EndProjectSection
EndProject
Project("{FAE04EC0-301F-11D3-BF4B-00C04F79EFBC}") = "eShopSolution.Data", "eShopSolution.Data\eShopSolution.Data.csproj", "{4168E6AA-692C-4BFD-8A90-C09A0F3DABBF}"
EndProject
Project("{FAE04EC0-301F-11D3-BF4B-00C04F79EFBC}") = "eShopSolution.Application", "eShopSolution.Application\eShopSolution.Application.csproj", "{7882981B-49BE-48BA-9E2D-CE340DE9F063}"
EndProject
Global
	GlobalSection(SolutionConfigurationPlatforms) = preSolution
		Debug|Any CPU = Debug|Any CPU
		Release|Any CPU = Release|Any CPU
	EndGlobalSection
	GlobalSection(ProjectConfigurationPlatforms) = postSolution
		{540FD659-B295-4F3E-9B43-02D40F5A6D12}.Debug|Any CPU.ActiveCfg = Debug|Any CPU
		{540FD659-B295-4F3E-9B43-02D40F5A6D12}.Debug|Any CPU.Build.0 = Debug|Any CPU
		{540FD659-B295-4F3E-9B43-02D40F5A6D12}.Release|Any CPU.ActiveCfg = Release|Any CPU
		{540FD659-B295-4F3E-9B43-02D40F5A6D12}.Release|Any CPU.Build.0 = Release|Any CPU
		{4168E6AA-692C-4BFD-8A90-C09A0F3DABBF}.Debug|Any CPU.ActiveCfg = Debug|Any CPU
		{4168E6AA-692C-4BFD-8A90-C09A0F3DABBF}.Debug|Any CPU.Build.0 = Debug|Any CPU
		{4168E6AA-692C-4BFD-8A90-C09A0F3DABBF}.Release|Any CPU.ActiveCfg = Release|Any CPU
		{4168E6AA-692C-4BFD-8A90-C09A0F3DABBF}.Release|Any CPU.Build.0 = Release|Any CPU
		{7882981B-49BE-48BA-9E2D-CE340DE9F063}.Debug|Any CPU.ActiveCfg = Debug|Any CPU
		{7882981B-49BE-48BA-9E2D-CE340DE9F063}.Debug|Any CPU.Build.0 = Debug|Any CPU
		{7882981B-49BE-48BA-9E2D-CE340DE9F063}.Release|Any CPU.ActiveCfg = Release|Any CPU
		{7882981B-49BE-48BA-9E2D-CE340DE9F063}.Release|Any CPU.Build.0 = Release|Any CPU
	EndGlobalSection
	GlobalSection(SolutionProperties) = preSolution
		HideSolutionNode = FALSE
	EndGlobalSection
	GlobalSection(ExtensibilityGlobals) = postSolution
		SolutionGuid = {CF2FAC9C-5CF6-4156-B42E-5FD820F26CBC}
	EndGlobalSection
EndGlobal
